github.com/caio/go-tdigest v2.3.0+incompatible h1:zP6nR0nTSUzlSqqr7F/LhslPlSZX/fZeGmgmwj2cxxY=
github.com/caio/go-tdigest v2.3.0+incompatible/go.mod h1:sHQM/ubZStBUmF1WbB8FAm8q9GjDajLC5T7ydxE3JHI=
github.com/codahale/hdrhistogram v0.0.0-20161010025455-3a0bb77429bd h1:qMd81Ts1T2OTKmB4acZcyKaMtRnY5Y44NuXGX2GFJ1w=
github.com/codahale/hdrhistogram v0.0.0-20161010025455-3a0bb77429bd/go.mod h1:sE/e/2PUdi/liOCUjSTXgM1o87ZssimdTWN964YiIeI=
github.com/davecgh/go-spew v1.1.0 h1:ZDRjVQ15GmhC3fiQ8ni8+OwkZQO4DARzQgrnXU1Liz8=
github.com/davecgh/go-spew v1.1.0/go.mod h1:J7Y8YcW2NihsgmVo/mv3lAwl/skON4iLHjSsI+c5H38=
github.com/go-chi/chi v4.0.1+incompatible h1:RSRC5qmFPtO90t7pTL0DBMNpZFsb/sHF3RXVlDgFisA=
github.com/go-chi/chi v4.0.1+incompatible/go.mod h1:eB3wogJHnLi3x/kFX2A+IbTBlXxmMeXJVKy9tTv1XzQ=
github.com/gogo/protobuf v1.2.0 h1:xU6/SpYbvkNYiptHJYEDRseDLvYE7wSqhYYNy0QSUzI=
github.com/gogo/protobuf v1.2.0/go.mod h1:r8qH/GZQm5c6nD/R0oafs1akxWv10x8SbQlK7atdtwQ=
github.com/golang/protobuf v1.2.0 h1:P3YflyNX/ehuJFLhxviNdFxQPkGK5cDcApsge1SqnvM=
github.com/golang/protobuf v1.2.0/go.mod h1:6lQm79b+lXiMfvg/cZm0SGofjICqVBUtrP5yJMmIC1U=
github.com/opentracing/opentracing-go v1.0.2 h1:3jA2P6O1F9UOrWVpwrIo17pu01KWvNWg4X946/Y5Zwg=
github.com/opentracing/opentracing-go v1.0.2/go.mod h1:UkNAQd3GIcIGf0SeVgPpRdFStlNbqXla1AfSYxPUl2o=
github.com/pkg/errors v0.8.1 h1:iURUrRGxPUNPdy5/HRSm+Yj6okJ6UtLINN0Q9M4+h3I=
github.com/pkg/errors v0.8.1/go.mod h1:bwawxfHBFNV+L2hUp1rHADufV3IMtnDRdf1r5NINEl0=
github.com/pmezard/go-difflib v1.0.0 h1:4DBwDE0NGyQoBHbLQYPwSUPoCMWR5BEzIk/f1lZbAQM=
github.com/pmezard/go-difflib v1.0.0/go.mod h1:iKH77koFhYxTK1pcRnkKkqfTogsbg7gZNVY4sRDYZ/4=
github.com/rcrowley/go-metrics v0.0.0-20181016184325-3113b8401b8a h1:9ZKAASQSHhDYGoxY8uLVpewe1GDZ2vu2Tr/vTdVAkFQ=
github.com/rcrowley/go-metrics v0.0.0-20181016184325-3113b8401b8a/go.mod h1:bCqnVzQkZxMG4s8nGwiZ5l3QUCyqpo9Y+/ZMZ9VjZe4=
github.com/stretchr/objx v0.1.0/go.mod h1:HFkY916IF+rwdDfMAkV7OtwuqBVzrE8GR6GFx+wExME=
github.com/stretchr/testify v1.3.0 h1:TivCn/peBQ7UY8ooIcPgZFpTNSz0Q2U6UrFlUfqbe0Q=
github.com/stretchr/testify v1.3.0/go.mod h1:M5WIy9Dh21IEIfnGCwXGc5bZfKNJtfHm1UVUgZn+9EI=
github.com/tuvistavie/securerandom v0.0.0-20140719024926-15512123a948 h1:yL0l/u242MzDP6D0B5vGC+wxm5WRY+alQZy+dJk3bFI=
github.com/tuvistavie/securerandom v0.0.0-20140719024926-15512123a948/go.mod h1:a06d/M1pxWi51qiSrfGMHaEydtuXT06nha8N2aNQuXk=
github.com/uber/jaeger-client-go v2.15.0+incompatible h1:NP3qsSqNxh8VYr956ur1N/1C1PjvOJnJykCzcD5QHbk=
github.com/uber/jaeger-client-go v2.15.0+incompatible/go.mod h1:WVhlPFC8FDjOFMMWRy2pZqQJSXxYSwNYOkTr/Z6d3Kk=
github.com/uber/jaeger-lib v1.5.0 h1:OHbgr8l656Ub3Fw5k9SWnBfIEwvoHQ+W2y+Aa9D1Uyo=
github.com/uber/jaeger-lib v1.5.0/go.mod h1:ComeNDZlWwrWnDv8aPp0Ba6+uUTzImX/AauajbLI56U=
github.com/wavefronthq/go-metrics-wavefront v0.9.0 h1:CoHS23gt3FZsjSerhqmNxpfMIFQaNM+WPxU/jB/KmRQ=
github.com/wavefronthq/go-metrics-wavefront v0.9.1-0.20190204180122-5218246a44b3 h1:+gjxN1/eEXovi9MIO1sIf/+AfHnQ//zbtqfvJa822DI=
github.com/wavefronthq/go-metrics-wavefront v0.9.1-0.20190204180122-5218246a44b3/go.mod h1:aU/q29aSlzqqUkNHiK0Ddi6Rmtfw1lcLrxKb2VGLiMA=
github.com/wavefronthq/go-metrics-wavefront v0.9.1-0.20190522063019-5dd1c3a27743 h1:ecCBqKwIEifEbvVGOcjYvFpgG8E6aCCjAD8Tj4bLHBM=
github.com/wavefronthq/go-metrics-wavefront v0.9.1-0.20190522063019-5dd1c3a27743/go.mod h1:aU/q29aSlzqqUkNHiK0Ddi6Rmtfw1lcLrxKb2VGLiMA=
github.com/wavefronthq/go-metrics-wavefront v0.9.1-0.20190523005342-a8ea12bf9968 h1:90YE9R133SJFmcU35EFl7iYNWEmXKQMPCPwfclfmV1k=
github.com/wavefronthq/go-metrics-wavefront v0.9.1-0.20190523005342-a8ea12bf9968/go.mod h1:aU/q29aSlzqqUkNHiK0Ddi6Rmtfw1lcLrxKb2VGLiMA=
github.com/wavefronthq/wavefront-opentracing-sdk-go v0.0.0-20190208195109-025f812c7984 h1:ZSjw/VWEl1xw/+FR7BjtQqQOPXgO+jXo5kWIT7e1koQ=
github.com/wavefronthq/wavefront-opentracing-sdk-go v0.0.0-20190208195109-025f812c7984/go.mod h1:TIsu7YlDK8m0wj4hj3u2hfoJd9Tk7P1ZYpgQ2Meaqus=
github.com/wavefronthq/wavefront-opentracing-sdk-go v0.0.0-20190208232503-98cdad29cfc5 h1:1QhOx5V4wMgAHTTuRUoehZWd4NzbPItnO2eorxg5KZw=
github.com/wavefronthq/wavefront-opentracing-sdk-go v0.0.0-20190208232503-98cdad29cfc5/go.mod h1:TIsu7YlDK8m0wj4hj3u2hfoJd9Tk7P1ZYpgQ2Meaqus=
github.com/wavefronthq/wavefront-opentracing-sdk-go v0.0.0-20190209171556-17a015b8302e h1:K4IfaWyXD+Tp7vOVA2z9TFraQ5fZVfdXariopRDY9/A=
github.com/wavefronthq/wavefront-opentracing-sdk-go v0.0.0-20190209171556-17a015b8302e/go.mod h1:TIsu7YlDK8m0wj4hj3u2hfoJd9Tk7P1ZYpgQ2Meaqus=
github.com/wavefronthq/wavefront-opentracing-sdk-go v0.0.0-20190215222524-877efde1990e h1:TPwu+OADjWUhYydLNZWUn5pTV8ZKp4O2IZ10eBd753U=
github.com/wavefronthq/wavefront-opentracing-sdk-go v0.0.0-20190215222524-877efde1990e/go.mod h1:TIsu7YlDK8m0wj4hj3u2hfoJd9Tk7P1ZYpgQ2Meaqus=
github.com/wavefronthq/wavefront-opentracing-sdk-go v0.0.0-20190225184717-ee261c5d3915 h1:orHdyEHu1OnD/F+rdDjePX9CM43zan69q8MoGd2I+oc=
github.com/wavefronthq/wavefront-opentracing-sdk-go v0.0.0-20190412205918-2336766b9c67 h1:Z78x/vRzAvmpCzxXj02kwTMaU9B4Wx0by8cf7Pt0H1A=
github.com/wavefronthq/wavefront-opentracing-sdk-go v0.0.0-20190412205918-2336766b9c67/go.mod h1:TIsu7YlDK8m0wj4hj3u2hfoJd9Tk7P1ZYpgQ2Meaqus=
github.com/wavefronthq/wavefront-opentracing-sdk-go v0.0.0-20190412231320-9754a213b0d7 h1:6tBqPzXjlfXUEbXTFkRpR2ZPacwOwg7L3WBM8Xi2tO0=
github.com/wavefronthq/wavefront-opentracing-sdk-go v0.0.0-20190412231320-9754a213b0d7/go.mod h1:TIsu7YlDK8m0wj4hj3u2hfoJd9Tk7P1ZYpgQ2Meaqus=
github.com/wavefronthq/wavefront-opentracing-sdk-go v0.0.0-20190415174418-0495a54ed660 h1:a26oJhrUVC7n3PtSVhWVXR4vu/NQgqNYbw/OcmlMqwE=
github.com/wavefronthq/wavefront-opentracing-sdk-go v0.0.0-20190415174418-0495a54ed660/go.mod h1:TIsu7YlDK8m0wj4hj3u2hfoJd9Tk7P1ZYpgQ2Meaqus=
github.com/wavefronthq/wavefront-opentracing-sdk-go v0.0.0-20190515004408-371f3720cd6e h1:S9dfnZjv9r5SBHo/EomGJVpTzvCUHw7rxqx7jt1LVDc=
github.com/wavefronthq/wavefront-opentracing-sdk-go v0.0.0-20190515004408-371f3720cd6e/go.mod h1:TIsu7YlDK8m0wj4hj3u2hfoJd9Tk7P1ZYpgQ2Meaqus=
github.com/wavefronthq/wavefront-opentracing-sdk-go v0.0.0-20190515214644-3c30bca44f37 h1:+fA+wGAxOEEhKc2j7X1SaNaMqAMYAE0VLipMRAA1nBs=
github.com/wavefronthq/wavefront-opentracing-sdk-go v0.0.0-20190515214644-3c30bca44f37/go.mod h1:TIsu7YlDK8m0wj4hj3u2hfoJd9Tk7P1ZYpgQ2Meaqus=
github.com/wavefronthq/wavefront-opentracing-sdk-go v0.0.0-20190515230838-ee64bf1a2680 h1:MdwM4GYZPVZaKILEKfvPXfbE/JzzeB4gnz8Od4A2cxY=
github.com/wavefronthq/wavefront-opentracing-sdk-go v0.0.0-20190515230838-ee64bf1a2680/go.mod h1:TIsu7YlDK8m0wj4hj3u2hfoJd9Tk7P1ZYpgQ2Meaqus=
github.com/wavefronthq/wavefront-opentracing-sdk-go v0.0.0-20190517042309-9f0b14db38f7 h1:qtvmS24La4p70qFYlSaM4R1lWEr3lo+b9bqdjRIiTFc=
github.com/wavefronthq/wavefront-opentracing-sdk-go v0.0.0-20190520172515-05127992c87a h1:UvUvmBHkFovCeLLEyjXaMtbzjQI+MXkEzEHAFWaID50=
github.com/wavefronthq/wavefront-opentracing-sdk-go v0.0.0-20190520172515-05127992c87a/go.mod h1:TIsu7YlDK8m0wj4hj3u2hfoJd9Tk7P1ZYpgQ2Meaqus=
github.com/wavefronthq/wavefront-opentracing-sdk-go v0.0.0-20190523000553-cb5bc45c0517 h1:3xi37MbUUyIVcnEDRtDLmu5ubYFYpw4Dj4cPYL1nOPE=
github.com/wavefronthq/wavefront-opentracing-sdk-go v0.0.0-20190523000553-cb5bc45c0517/go.mod h1:TIsu7YlDK8m0wj4hj3u2hfoJd9Tk7P1ZYpgQ2Meaqus=
github.com/wavefronthq/wavefront-opentracing-sdk-go v0.0.0-20190523010806-43a43456e4a1 h1:cZHxq/4LuI2o0auBd8W097+tfTBXzG48wJbgIyvxAsw=
github.com/wavefronthq/wavefront-opentracing-sdk-go v0.0.0-20190523010806-43a43456e4a1/go.mod h1:TIsu7YlDK8m0wj4hj3u2hfoJd9Tk7P1ZYpgQ2Meaqus=
github.com/wavefronthq/wavefront-opentracing-sdk-go v0.0.0-20190523174609-4929b4c765d8 h1:WORl8mTlnHyTkq1l0gcKa+VfCobXwkGEWr40uLYMCiI=
github.com/wavefronthq/wavefront-opentracing-sdk-go v0.0.0-20190523174609-4929b4c765d8/go.mod h1:TIsu7YlDK8m0wj4hj3u2hfoJd9Tk7P1ZYpgQ2Meaqus=
github.com/wavefronthq/wavefront-opentracing-sdk-go v0.0.0-20190523175438-828558c68686 h1:XLGr+Wrxk1K1aJs9j75AsmeLeB7lRUlyiOC0dfiqwPY=
github.com/wavefronthq/wavefront-opentracing-sdk-go v0.0.0-20190523175438-828558c68686/go.mod h1:TIsu7YlDK8m0wj4hj3u2hfoJd9Tk7P1ZYpgQ2Meaqus=
github.com/wavefronthq/wavefront-opentracing-sdk-go v0.0.0-20190528173349-76fced647a45 h1:d2Oj7/ZgziQTb0cgEeaHMMwO5fDo8ols37XIHmDj1cU=
github.com/wavefronthq/wavefront-opentracing-sdk-go v0.0.0-20190528173349-76fced647a45/go.mod h1:TIsu7YlDK8m0wj4hj3u2hfoJd9Tk7P1ZYpgQ2Meaqus=
github.com/wavefronthq/wavefront-opentracing-sdk-go v0.0.0-20190813082018-93d52ab84ca3 h1:5laJ3J82RDIpZ6AaN63eMUWhhtlKSOGZbStrXf8WTUc=
github.com/wavefronthq/wavefront-opentracing-sdk-go v0.0.0-20190813082018-93d52ab84ca3/go.mod h1:TIsu7YlDK8m0wj4hj3u2hfoJd9Tk7P1ZYpgQ2Meaqus=
github.com/wavefronthq/wavefront-opentracing-sdk-go v0.0.0-20190813183450-eeb91fccfa39 h1:Tx7zuDH9GsWVHYM7jO925HbE5zmxIUDBZ8d1eMnsSLs=
github.com/wavefronthq/wavefront-opentracing-sdk-go v0.0.0-20190813183450-eeb91fccfa39/go.mod h1:TIsu7YlDK8m0wj4hj3u2hfoJd9Tk7P1ZYpgQ2Meaqus=
github.com/wavefronthq/wavefront-sdk-go v0.9.1 h1:T36pstacWRRhMgKRRJDzRxLoBUjih3JTtNqyeOBTo4w=
github.com/wavefronthq/wavefront-sdk-go v0.9.2-0.20190205183015-5e0e1d7d46ed h1:6YPLmBBivElXd58EA1nZjZ/vPFjP7HRKd3JI7rBZqBA=
github.com/wavefronthq/wavefront-sdk-go v0.9.2-0.20190205183015-5e0e1d7d46ed/go.mod h1:hQI6y8M9OtTCtc0xdwh+dCER4osxXdEAeCpacjpDZEU=
github.com/wavefronthq/wavefront-sdk-go v0.9.2-0.20190208230902-a656e9e78494 h1:aEml+Ot1G/+vuAhXaynce8IFB4ThsQ0MbW+g80dNH7Y=
github.com/wavefronthq/wavefront-sdk-go v0.9.2-0.20190208230902-a656e9e78494/go.mod h1:hQI6y8M9OtTCtc0xdwh+dCER4osxXdEAeCpacjpDZEU=
github.com/wavefronthq/wavefront-sdk-go v0.9.2 h1:/LvWgZYNjHFUg+ZUX+qv+7e+M8sEMi0lM15zPp681Gk=
github.com/wavefronthq/wavefront-sdk-go v0.9.2/go.mod h1:hQI6y8M9OtTCtc0xdwh+dCER4osxXdEAeCpacjpDZEU=
github.com/wavefronthq/wavefront-sdk-go v0.9.3-0.20190412201711-dd4a4a36b2d7 h1:JyNijVvExFmEGAPO7453jwmAmaCwrWt8cpCnp1HTNCY=
github.com/wavefronthq/wavefront-sdk-go v0.9.3-0.20190412201711-dd4a4a36b2d7/go.mod h1:hQI6y8M9OtTCtc0xdwh+dCER4osxXdEAeCpacjpDZEU=
github.com/wavefronthq/wavefront-sdk-go v0.9.3-0.20190412211706-404c01aba4f4 h1:akJk08UaYWhU3g16B3xStVgsJIbQf/+33+6CYPK3NFU=
github.com/wavefronthq/wavefront-sdk-go v0.9.3-0.20190412211706-404c01aba4f4/go.mod h1:hQI6y8M9OtTCtc0xdwh+dCER4osxXdEAeCpacjpDZEU=
github.com/wavefronthq/wavefront-sdk-go v0.9.3-0.20190412212333-5427eb2750a3 h1:aGxNa5jjyfuxiyra0IE7oejo8WmVN5EZnPF+Qq/imMs=
github.com/wavefronthq/wavefront-sdk-go v0.9.3-0.20190412212333-5427eb2750a3/go.mod h1:hQI6y8M9OtTCtc0xdwh+dCER4osxXdEAeCpacjpDZEU=
github.com/wavefronthq/wavefront-sdk-go v0.9.3-0.20190412213137-51fd6ad868b1 h1:lYTNv2y2YA6Xqes5fTJKdh4MvarVE82/TePUOmtNXKE=
github.com/wavefronthq/wavefront-sdk-go v0.9.3-0.20190412213137-51fd6ad868b1/go.mod h1:hQI6y8M9OtTCtc0xdwh+dCER4osxXdEAeCpacjpDZEU=
github.com/wavefronthq/wavefront-sdk-go v0.9.3-0.20190412230506-adcaf5425237 h1:YLVfLH+NNq1qzYZymNWaXVIyjVffb+UOVkKU7xt5nAk=
github.com/wavefronthq/wavefront-sdk-go v0.9.3-0.20190412230506-adcaf5425237/go.mod h1:hQI6y8M9OtTCtc0xdwh+dCER4osxXdEAeCpacjpDZEU=
github.com/wavefronthq/wavefront-sdk-go v0.9.3 h1:UW6XfPOpW4+JxPQcETnTNSV9eDf0do97owL7bMiDc/Y=
github.com/wavefronthq/wavefront-sdk-go v0.9.3/go.mod h1:hQI6y8M9OtTCtc0xdwh+dCER4osxXdEAeCpacjpDZEU=
golang.org/x/net v0.0.0-20190125091013-d26f9f9a57f3 h1:ulvT7fqt0yHWzpJwI57MezWnYDVpCAYBVuYst/L+fAY=
golang.org/x/net v0.0.0-20190125091013-d26f9f9a57f3/go.mod h1:mL1N/T3taQHkDXs73rZJwtUhF3w3ftmwwsq0BUmARs4=
